dependencies:
- name: valkey
  repository: https://valkey.io/valkey-helm/
  version: 0.10.0
- name: mariadb
  repository: https://charts.bitnami.com/bitnami
  version: 19.1.2
- name: postgresql
  repository: https://charts.bitnami.com/bitnami
  version: 16.1.2
digest: sha256:02173e10f439844a0809582bf2e9087951b6e4212b3f023601e1c489cab8867c
generated: "2026-07-08T12:02:09.941585815Z"
