dependencies:
- name: redis
  repository: https://charts.bitnami.com/bitnami
  version: 20.11.0
- name: mariadb
  repository: https://charts.bitnami.com/bitnami
  version: 19.1.2
- name: postgresql
  repository: https://charts.bitnami.com/bitnami
  version: 16.1.2
digest: sha256:550294f14666077a148a3f8dda789b794cf76a306dc0fb3a5cb0a7af07878e6b
generated: "2025-03-03T20:44:40.534887486Z"
