dependencies:
- name: redis
  repository: https://charts.bitnami.com/bitnami
  version: 18.6.1
- name: mariadb
  repository: https://charts.bitnami.com/bitnami
  version: 14.1.4
- name: postgresql
  repository: https://charts.bitnami.com/bitnami
  version: 13.2.25
digest: sha256:ccc228e7e3b49bc5b5f1811fa99d896ae05ec02df153698b01dfe9d4ad29fe98
generated: "2023-12-22T17:12:07.910804456Z"
