dependencies:
- name: redis
  repository: https://charts.bitnami.com/bitnami
  version: 18.4.0
- name: mariadb
  repository: https://charts.bitnami.com/bitnami
  version: 14.1.4
- name: postgresql
  repository: https://charts.bitnami.com/bitnami
  version: 13.2.25
digest: sha256:8dc660133f3422df424751ad59f085e619678bced0daffa836b9ab35fd6403b6
generated: "2023-12-22T17:51:52.490558078+01:00"
