dependencies:
- name: redis
  repository: https://charts.bitnami.com/bitnami
  version: 18.4.0
- name: mariadb
  repository: https://charts.bitnami.com/bitnami
  version: 14.1.4
- name: postgresql
  repository: https://charts.bitnami.com/bitnami
  version: 13.2.24
digest: sha256:9eedb9c5664f2b9ecc86ece80eaa52303f44bc3d9a9f5c5fe48096c4211a7778
generated: "2023-12-15T16:05:34.01247653+01:00"
